
Microsoft Visual Studio Solution File, Format Version 12.00
# Visual Studio 15
VisualStudioVersion = 15.0.28010.2050
MinimumVisualStudioVersion = 10.0.40219.1
Project("{FAE04EC0-301F-11D3-BF4B-00C04F79EFBC}") = "LingoDraw.Android", "LingoDraw\LingoDraw.Android\LingoDraw.Android.csproj", "{80BD38A1-4C38-483D-9382-1E7CC2EAB1AD}"
EndProject
Project("{FAE04EC0-301F-11D3-BF4B-00C04F79EFBC}") = "LingoDraw.iOS", "LingoDraw\LingoDraw.iOS\LingoDraw.iOS.csproj", "{746EF7F9-395A-4CAC-81D1-5CE684C4ED86}"
EndProject
Project("{FAE04EC0-301F-11D3-BF4B-00C04F79EFBC}") = "LingoDraw", "LingoDraw\LingoDraw\LingoDraw.csproj", "{BDE86E6E-40C4-48FA-AFF3-F4A28E674D0E}"
EndProject
Global
	GlobalSection(SolutionConfigurationPlatforms) = preSolution
		Ad-Hoc|Any CPU = Ad-Hoc|Any CPU
		Ad-Hoc|iPhone = Ad-Hoc|iPhone
		Ad-Hoc|iPhoneSimulator = Ad-Hoc|iPhoneSimulator
		AppStore|Any CPU = AppStore|Any CPU
		AppStore|iPhone = AppStore|iPhone
		AppStore|iPhoneSimulator = AppStore|iPhoneSimulator
		Debug|Any CPU = Debug|Any CPU
		Debug|iPhone = Debug|iPhone
		Debug|iPhoneSimulator = Debug|iPhoneSimulator
		Release|Any CPU = Release|Any CPU
		Release|iPhone = Release|iPhone
		Release|iPhoneSimulator = Release|iPhoneSimulator
	EndGlobalSection
	GlobalSection(ProjectConfigurationPlatforms) = postSolution
		{80BD38A1-4C38-483D-9382-1E7CC2EAB1AD}.Ad-Hoc|Any CPU.ActiveCfg = Release|Any CPU
		{80BD38A1-4C38-483D-9382-1E7CC2EAB1AD}.Ad-Hoc|Any CPU.Build.0 = Release|Any CPU
		{80BD38A1-4C38-483D-9382-1E7CC2EAB1AD}.Ad-Hoc|Any CPU.Deploy.0 = Release|Any CPU
		{80BD38A1-4C38-483D-9382-1E7CC2EAB1AD}.Ad-Hoc|iPhone.ActiveCfg = Release|Any CPU
		{80BD38A1-4C38-483D-9382-1E7CC2EAB1AD}.Ad-Hoc|iPhone.Build.0 = Release|Any CPU
		{80BD38A1-4C38-483D-9382-1E7CC2EAB1AD}.Ad-Hoc|iPhone.Deploy.0 = Release|Any CPU
		{80BD38A1-4C38-483D-9382-1E7CC2EAB1AD}.Ad-Hoc|iPhoneSimulator.ActiveCfg = Release|Any CPU
		{80BD38A1-4C38-483D-9382-1E7CC2EAB1AD}.Ad-Hoc|iPhoneSimulator.Build.0 = Release|Any CPU
		{80BD38A1-4C38-483D-9382-1E7CC2EAB1AD}.Ad-Hoc|iPhoneSimulator.Deploy.0 = Release|Any CPU
		{80BD38A1-4C38-483D-9382-1E7CC2EAB1AD}.AppStore|Any CPU.ActiveCfg = Release|Any CPU
		{80BD38A1-4C38-483D-9382-1E7CC2EAB1AD}.AppStore|Any CPU.Build.0 = Release|Any CPU
		{80BD38A1-4C38-483D-9382-1E7CC2EAB1AD}.AppStore|Any CPU.Deploy.0 = Release|Any CPU
		{80BD38A1-4C38-483D-9382-1E7CC2EAB1AD}.AppStore|iPhone.ActiveCfg = Release|Any CPU
		{80BD38A1-4C38-483D-9382-1E7CC2EAB1AD}.AppStore|iPhone.Build.0 = Release|Any CPU
		{80BD38A1-4C38-483D-9382-1E7CC2EAB1AD}.AppStore|iPhone.Deploy.0 = Release|Any CPU
		{80BD38A1-4C38-483D-9382-1E7CC2EAB1AD}.AppStore|iPhoneSimulator.ActiveCfg = Release|Any CPU
		{80BD38A1-4C38-483D-9382-1E7CC2EAB1AD}.AppStore|iPhoneSimulator.Build.0 = Release|Any CPU
		{80BD38A1-4C38-483D-9382-1E7CC2EAB1AD}.AppStore|iPhoneSimulator.Deploy.0 = Release|Any CPU
		{80BD38A1-4C38-483D-9382-1E7CC2EAB1AD}.Debug|Any CPU.ActiveCfg = Debug|Any CPU
		{80BD38A1-4C38-483D-9382-1E7CC2EAB1AD}.Debug|Any CPU.Build.0 = Debug|Any CPU
		{80BD38A1-4C38-483D-9382-1E7CC2EAB1AD}.Debug|Any CPU.Deploy.0 = Debug|Any CPU
		{80BD38A1-4C38-483D-9382-1E7CC2EAB1AD}.Debug|iPhone.ActiveCfg = Debug|Any CPU
		{80BD38A1-4C38-483D-9382-1E7CC2EAB1AD}.Debug|iPhone.Build.0 = Debug|Any CPU
		{80BD38A1-4C38-483D-9382-1E7CC2EAB1AD}.Debug|iPhone.Deploy.0 = Debug|Any CPU
		{80BD38A1-4C38-483D-9382-1E7CC2EAB1AD}.Debug|iPhoneSimulator.ActiveCfg = Debug|Any CPU
		{80BD38A1-4C38-483D-9382-1E7CC2EAB1AD}.Debug|iPhoneSimulator.Build.0 = Debug|Any CPU
		{80BD38A1-4C38-483D-9382-1E7CC2EAB1AD}.Debug|iPhoneSimulator.Deploy.0 = Debug|Any CPU
		{80BD38A1-4C38-483D-9382-1E7CC2EAB1AD}.Release|Any CPU.ActiveCfg = Release|Any CPU
		{80BD38A1-4C38-483D-9382-1E7CC2EAB1AD}.Release|Any CPU.Build.0 = Release|Any CPU
		{80BD38A1-4C38-483D-9382-1E7CC2EAB1AD}.Release|Any CPU.Deploy.0 = Release|Any CPU
		{80BD38A1-4C38-483D-9382-1E7CC2EAB1AD}.Release|iPhone.ActiveCfg = Release|Any CPU
		{80BD38A1-4C38-483D-9382-1E7CC2EAB1AD}.Release|iPhone.Build.0 = Release|Any CPU
		{80BD38A1-4C38-483D-9382-1E7CC2EAB1AD}.Release|iPhone.Deploy.0 = Release|Any CPU
		{80BD38A1-4C38-483D-9382-1E7CC2EAB1AD}.Release|iPhoneSimulator.ActiveCfg = Release|Any CPU
		{80BD38A1-4C38-483D-9382-1E7CC2EAB1AD}.Release|iPhoneSimulator.Build.0 = Release|Any CPU
		{80BD38A1-4C38-483D-9382-1E7CC2EAB1AD}.Release|iPhoneSimulator.Deploy.0 = Release|Any CPU
		{746EF7F9-395A-4CAC-81D1-5CE684C4ED86}.Ad-Hoc|Any CPU.ActiveCfg = Ad-Hoc|iPhone
		{746EF7F9-395A-4CAC-81D1-5CE684C4ED86}.Ad-Hoc|Any CPU.Build.0 = Ad-Hoc|iPhone
		{746EF7F9-395A-4CAC-81D1-5CE684C4ED86}.Ad-Hoc|Any CPU.Deploy.0 = Ad-Hoc|iPhone
		{746EF7F9-395A-4CAC-81D1-5CE684C4ED86}.Ad-Hoc|iPhone.ActiveCfg = Ad-Hoc|iPhone
		{746EF7F9-395A-4CAC-81D1-5CE684C4ED86}.Ad-Hoc|iPhone.Build.0 = Ad-Hoc|iPhone
		{746EF7F9-395A-4CAC-81D1-5CE684C4ED86}.Ad-Hoc|iPhone.Deploy.0 = Ad-Hoc|iPhone
		{746EF7F9-395A-4CAC-81D1-5CE684C4ED86}.Ad-Hoc|iPhoneSimulator.ActiveCfg = Ad-Hoc|iPhoneSimulator
		{746EF7F9-395A-4CAC-81D1-5CE684C4ED86}.Ad-Hoc|iPhoneSimulator.Build.0 = Ad-Hoc|iPhoneSimulator
		{746EF7F9-395A-4CAC-81D1-5CE684C4ED86}.Ad-Hoc|iPhoneSimulator.Deploy.0 = Ad-Hoc|iPhoneSimulator
		{746EF7F9-395A-4CAC-81D1-5CE684C4ED86}.AppStore|Any CPU.ActiveCfg = AppStore|iPhone
		{746EF7F9-395A-4CAC-81D1-5CE684C4ED86}.AppStore|Any CPU.Build.0 = AppStore|iPhone
		{746EF7F9-395A-4CAC-81D1-5CE684C4ED86}.AppStore|Any CPU.Deploy.0 = AppStore|iPhone
		{746EF7F9-395A-4CAC-81D1-5CE684C4ED86}.AppStore|iPhone.ActiveCfg = AppStore|iPhone
		{746EF7F9-395A-4CAC-81D1-5CE684C4ED86}.AppStore|iPhone.Build.0 = AppStore|iPhone
		{746EF7F9-395A-4CAC-81D1-5CE684C4ED86}.AppStore|iPhone.Deploy.0 = AppStore|iPhone
		{746EF7F9-395A-4CAC-81D1-5CE684C4ED86}.AppStore|iPhoneSimulator.ActiveCfg = AppStore|iPhoneSimulator
		{746EF7F9-395A-4CAC-81D1-5CE684C4ED86}.AppStore|iPhoneSimulator.Build.0 = AppStore|iPhoneSimulator
		{746EF7F9-395A-4CAC-81D1-5CE684C4ED86}.AppStore|iPhoneSimulator.Deploy.0 = AppStore|iPhoneSimulator
		{746EF7F9-395A-4CAC-81D1-5CE684C4ED86}.Debug|Any CPU.ActiveCfg = Debug|iPhoneSimulator
		{746EF7F9-395A-4CAC-81D1-5CE684C4ED86}.Debug|Any CPU.Build.0 = Debug|iPhoneSimulator
		{746EF7F9-395A-4CAC-81D1-5CE684C4ED86}.Debug|Any CPU.Deploy.0 = Debug|iPhoneSimulator
		{746EF7F9-395A-4CAC-81D1-5CE684C4ED86}.Debug|iPhone.ActiveCfg = Debug|iPhone
		{746EF7F9-395A-4CAC-81D1-5CE684C4ED86}.Debug|iPhone.Build.0 = Debug|iPhone
		{746EF7F9-395A-4CAC-81D1-5CE684C4ED86}.Debug|iPhone.Deploy.0 = Debug|iPhone
		{746EF7F9-395A-4CAC-81D1-5CE684C4ED86}.Debug|iPhoneSimulator.ActiveCfg = Debug|iPhoneSimulator
		{746EF7F9-395A-4CAC-81D1-5CE684C4ED86}.Debug|iPhoneSimulator.Build.0 = Debug|iPhoneSimulator
		{746EF7F9-395A-4CAC-81D1-5CE684C4ED86}.Debug|iPhoneSimulator.Deploy.0 = Debug|iPhoneSimulator
		{746EF7F9-395A-4CAC-81D1-5CE684C4ED86}.Release|Any CPU.ActiveCfg = Release|iPhone
		{746EF7F9-395A-4CAC-81D1-5CE684C4ED86}.Release|Any CPU.Build.0 = Release|iPhone
		{746EF7F9-395A-4CAC-81D1-5CE684C4ED86}.Release|Any CPU.Deploy.0 = Release|iPhone
		{746EF7F9-395A-4CAC-81D1-5CE684C4ED86}.Release|iPhone.ActiveCfg = Release|iPhone
		{746EF7F9-395A-4CAC-81D1-5CE684C4ED86}.Release|iPhone.Build.0 = Release|iPhone
		{746EF7F9-395A-4CAC-81D1-5CE684C4ED86}.Release|iPhone.Deploy.0 = Release|iPhone
		{746EF7F9-395A-4CAC-81D1-5CE684C4ED86}.Release|iPhoneSimulator.ActiveCfg = Release|iPhoneSimulator
		{746EF7F9-395A-4CAC-81D1-5CE684C4ED86}.Release|iPhoneSimulator.Build.0 = Release|iPhoneSimulator
		{746EF7F9-395A-4CAC-81D1-5CE684C4ED86}.Release|iPhoneSimulator.Deploy.0 = Release|iPhoneSimulator
		{BDE86E6E-40C4-48FA-AFF3-F4A28E674D0E}.Ad-Hoc|Any CPU.ActiveCfg = Debug|Any CPU
		{BDE86E6E-40C4-48FA-AFF3-F4A28E674D0E}.Ad-Hoc|Any CPU.Build.0 = Debug|Any CPU
		{BDE86E6E-40C4-48FA-AFF3-F4A28E674D0E}.Ad-Hoc|Any CPU.Deploy.0 = Debug|Any CPU
		{BDE86E6E-40C4-48FA-AFF3-F4A28E674D0E}.Ad-Hoc|iPhone.ActiveCfg = Debug|Any CPU
		{BDE86E6E-40C4-48FA-AFF3-F4A28E674D0E}.Ad-Hoc|iPhone.Build.0 = Debug|Any CPU
		{BDE86E6E-40C4-48FA-AFF3-F4A28E674D0E}.Ad-Hoc|iPhone.Deploy.0 = Debug|Any CPU
		{BDE86E6E-40C4-48FA-AFF3-F4A28E674D0E}.Ad-Hoc|iPhoneSimulator.ActiveCfg = Debug|Any CPU
		{BDE86E6E-40C4-48FA-AFF3-F4A28E674D0E}.Ad-Hoc|iPhoneSimulator.Build.0 = Debug|Any CPU
		{BDE86E6E-40C4-48FA-AFF3-F4A28E674D0E}.Ad-Hoc|iPhoneSimulator.Deploy.0 = Debug|Any CPU
		{BDE86E6E-40C4-48FA-AFF3-F4A28E674D0E}.AppStore|Any CPU.ActiveCfg = Debug|Any CPU
		{BDE86E6E-40C4-48FA-AFF3-F4A28E674D0E}.AppStore|Any CPU.Build.0 = Debug|Any CPU
		{BDE86E6E-40C4-48FA-AFF3-F4A28E674D0E}.AppStore|Any CPU.Deploy.0 = Debug|Any CPU
		{BDE86E6E-40C4-48FA-AFF3-F4A28E674D0E}.AppStore|iPhone.ActiveCfg = Debug|Any CPU
		{BDE86E6E-40C4-48FA-AFF3-F4A28E674D0E}.AppStore|iPhone.Build.0 = Debug|Any CPU
		{BDE86E6E-40C4-48FA-AFF3-F4A28E674D0E}.AppStore|iPhone.Deploy.0 = Debug|Any CPU
		{BDE86E6E-40C4-48FA-AFF3-F4A28E674D0E}.AppStore|iPhoneSimulator.ActiveCfg = Debug|Any CPU
		{BDE86E6E-40C4-48FA-AFF3-F4A28E674D0E}.AppStore|iPhoneSimulator.Build.0 = Debug|Any CPU
		{BDE86E6E-40C4-48FA-AFF3-F4A28E674D0E}.AppStore|iPhoneSimulator.Deploy.0 = Debug|Any CPU
		{BDE86E6E-40C4-48FA-AFF3-F4A28E674D0E}.Debug|Any CPU.ActiveCfg = Debug|Any CPU
		{BDE86E6E-40C4-48FA-AFF3-F4A28E674D0E}.Debug|Any CPU.Build.0 = Debug|Any CPU
		{BDE86E6E-40C4-48FA-AFF3-F4A28E674D0E}.Debug|Any CPU.Deploy.0 = Debug|Any CPU
		{BDE86E6E-40C4-48FA-AFF3-F4A28E674D0E}.Debug|iPhone.ActiveCfg = Debug|Any CPU
		{BDE86E6E-40C4-48FA-AFF3-F4A28E674D0E}.Debug|iPhone.Build.0 = Debug|Any CPU
		{BDE86E6E-40C4-48FA-AFF3-F4A28E674D0E}.Debug|iPhone.Deploy.0 = Debug|Any CPU
		{BDE86E6E-40C4-48FA-AFF3-F4A28E674D0E}.Debug|iPhoneSimulator.ActiveCfg = Debug|Any CPU
		{BDE86E6E-40C4-48FA-AFF3-F4A28E674D0E}.Debug|iPhoneSimulator.Build.0 = Debug|Any CPU
		{BDE86E6E-40C4-48FA-AFF3-F4A28E674D0E}.Debug|iPhoneSimulator.Deploy.0 = Debug|Any CPU
		{BDE86E6E-40C4-48FA-AFF3-F4A28E674D0E}.Release|Any CPU.ActiveCfg = Release|Any CPU
		{BDE86E6E-40C4-48FA-AFF3-F4A28E674D0E}.Release|Any CPU.Build.0 = Release|Any CPU
		{BDE86E6E-40C4-48FA-AFF3-F4A28E674D0E}.Release|Any CPU.Deploy.0 = Release|Any CPU
		{BDE86E6E-40C4-48FA-AFF3-F4A28E674D0E}.Release|iPhone.ActiveCfg = Release|Any CPU
		{BDE86E6E-40C4-48FA-AFF3-F4A28E674D0E}.Release|iPhone.Build.0 = Release|Any CPU
		{BDE86E6E-40C4-48FA-AFF3-F4A28E674D0E}.Release|iPhone.Deploy.0 = Release|Any CPU
		{BDE86E6E-40C4-48FA-AFF3-F4A28E674D0E}.Release|iPhoneSimulator.ActiveCfg = Release|Any CPU
		{BDE86E6E-40C4-48FA-AFF3-F4A28E674D0E}.Release|iPhoneSimulator.Build.0 = Release|Any CPU
		{BDE86E6E-40C4-48FA-AFF3-F4A28E674D0E}.Release|iPhoneSimulator.Deploy.0 = Release|Any CPU
	EndGlobalSection
	GlobalSection(SolutionProperties) = preSolution
		HideSolutionNode = FALSE
	EndGlobalSection
	GlobalSection(ExtensibilityGlobals) = postSolution
		SolutionGuid = {76F60F1F-1C1F-4B35-A220-5E30C8602C21}
	EndGlobalSection
EndGlobal
